
Microsoft Visual Studio Solution File, Format Version 11.00
# Visual Studio 2010
Project("{8BC9CEB8-8B4A-11D0-8D11-00A0C91BC942}") = "mcf6", "mcf6\mcf6.vcxproj", "{7BF5351A-DAE0-41F1-A507-886D7369EAA6}"
EndProject
Project("{2150E333-8FDC-42A3-9474-1A3956D46DE8}") = "NewFolder1", "NewFolder1", "{4E175DD1-86CC-4D77-B34C-00743D562940}"
EndProject
Global
	GlobalSection(SolutionConfigurationPlatforms) = preSolution
		Debug|Win32 = Debug|Win32
		Release|Win32 = Release|Win32
	EndGlobalSection
	GlobalSection(ProjectConfigurationPlatforms) = postSolution
		{7BF5351A-DAE0-41F1-A507-886D7369EAA6}.Debug|Win32.ActiveCfg = Debug|Win32
		{7BF5351A-DAE0-41F1-A507-886D7369EAA6}.Debug|Win32.Build.0 = Debug|Win32
		{7BF5351A-DAE0-41F1-A507-886D7369EAA6}.Release|Win32.ActiveCfg = Release|Win32
		{7BF5351A-DAE0-41F1-A507-886D7369EAA6}.Release|Win32.Build.0 = Release|Win32
	EndGlobalSection
	GlobalSection(SolutionProperties) = preSolution
		HideSolutionNode = FALSE
	EndGlobalSection
EndGlobal
